
Microsoft Visual Studio Solution File, Format Version 12.00
# Visual Studio 2013
VisualStudioVersion = 12.0.30501.0
MinimumVisualStudioVersion = 10.0.40219.1
Project("{8BC9CEB8-8B4A-11D0-8D11-00A0C91BC942}") = "Traverse_BTree", "Traverse_BTree\Traverse_BTree.vcxproj", "{58F8E661-B1AD-4163-982A-B8B2E45E74C8}"
EndProject
Global
	GlobalSection(SolutionConfigurationPlatforms) = preSolution
		Debug|Win32 = Debug|Win32
		Release|Win32 = Release|Win32
	EndGlobalSection
	GlobalSection(ProjectConfigurationPlatforms) = postSolution
		{58F8E661-B1AD-4163-982A-B8B2E45E74C8}.Debug|Win32.ActiveCfg = Debug|Win32
		{58F8E661-B1AD-4163-982A-B8B2E45E74C8}.Debug|Win32.Build.0 = Debug|Win32
		{58F8E661-B1AD-4163-982A-B8B2E45E74C8}.Release|Win32.ActiveCfg = Release|Win32
		{58F8E661-B1AD-4163-982A-B8B2E45E74C8}.Release|Win32.Build.0 = Release|Win32
	EndGlobalSection
	GlobalSection(SolutionProperties) = preSolution
		HideSolutionNode = FALSE
	EndGlobalSection
EndGlobal
